
Microsoft Visual Studio Solution File, Format Version 12.00
# Visual Studio Version 17
VisualStudioVersion = 17.6.33829.357
MinimumVisualStudioVersion = 10.0.40219.1
Project("{9A19103F-16F7-4668-BE54-9A1E7A4F7556}") = "ValidateTokens2", "ValidateTokens2.csproj", "{1D7E9979-734F-412E-B68B-FB0FCA9A5079}"
EndProject
Global
	GlobalSection(SolutionConfigurationPlatforms) = preSolution
		Debug|Any CPU = Debug|Any CPU
		Release|Any CPU = Release|Any CPU
	EndGlobalSection
	GlobalSection(ProjectConfigurationPlatforms) = postSolution
		{1D7E9979-734F-412E-B68B-FB0FCA9A5079}.Debug|Any CPU.ActiveCfg = Debug|Any CPU
		{1D7E9979-734F-412E-B68B-FB0FCA9A5079}.Debug|Any CPU.Build.0 = Debug|Any CPU
		{1D7E9979-734F-412E-B68B-FB0FCA9A5079}.Release|Any CPU.ActiveCfg = Release|Any CPU
		{1D7E9979-734F-412E-B68B-FB0FCA9A5079}.Release|Any CPU.Build.0 = Release|Any CPU
	EndGlobalSection
	GlobalSection(SolutionProperties) = preSolution
		HideSolutionNode = FALSE
	EndGlobalSection
	GlobalSection(ExtensibilityGlobals) = postSolution
		SolutionGuid = {3724CE11-17D9-4249-935D-2BAAEBA75F7D}
	EndGlobalSection
EndGlobal
